# THIS IS AN AUTOGENERATED FILE. DO NOT EDIT THIS FILE DIRECTLY.
# yarn lockfile v1


"@socket.io/component-emitter@~3.1.0":
  version "3.1.2"
  resolved "https://registry.npmmirror.com/@socket.io/component-emitter/-/component-emitter-3.1.2.tgz"
  integrity sha512-9BCxFwvbGg/RsZK9tjXd8s4UcwR0MWeFQ1XEKIQVVvAGJyINdrqKMcTRyLoK8Rse1GjzLV9cwjWV1olXRWEXVA==

"@types/node@^24.5.2":
  version "24.6.2"
  resolved "https://registry.npmmirror.com/@types/node/-/node-24.6.2.tgz"
  integrity sha512-d2L25Y4j+W3ZlNAeMKcy7yDsK425ibcAOO2t7aPTz6gNMH0z2GThtwENCDc0d/Pw9wgyRqE5Px1wkV7naz8ang==
  dependencies:
    undici-types "~7.13.0"

"@types/socket.io-client@^3.0.0":
  version "3.0.0"
  resolved "https://registry.npmmirror.com/@types/socket.io-client/-/socket.io-client-3.0.0.tgz"
  integrity sha512-s+IPvFoEIjKA3RdJz/Z2dGR4gLgysKi8owcnrVwNjgvc01Lk68LJDDsG2GRqegFITcxmvCMYM7bhMpwEMlHmDg==
  dependencies:
    socket.io-client "*"

debug@~4.3.1, debug@~4.3.2:
  version "4.3.7"
  resolved "https://registry.npmmirror.com/debug/-/debug-4.3.7.tgz"
  integrity sha512-Er2nc/H7RrMXZBFCEim6TCmMk02Z8vLC2Rbi1KEBggpo0fS6l0S1nnapwmIi3yW/+GOJap1Krg4w0Hg80oCqgQ==
  dependencies:
    ms "^2.1.3"

engine.io-client@~6.6.1:
  version "6.6.3"
  resolved "https://registry.npmmirror.com/engine.io-client/-/engine.io-client-6.6.3.tgz"
  integrity sha512-T0iLjnyNWahNyv/lcjS2y4oE358tVS/SYQNxYXGAJ9/GLgH4VCvOQ/mhTjqU88mLZCQgiG8RIegFHYCdVC+j5w==
  dependencies:
    "@socket.io/component-emitter" "~3.1.0"
    debug "~4.3.1"
    engine.io-parser "~5.2.1"
    ws "~8.17.1"
    xmlhttprequest-ssl "~2.1.1"

engine.io-parser@~5.2.1:
  version "5.2.3"
  resolved "https://registry.npmmirror.com/engine.io-parser/-/engine.io-parser-5.2.3.tgz"
  integrity sha512-HqD3yTBfnBxIrbnM1DoD6Pcq8NECnh8d4As1Qgh0z5Gg3jRRIqijury0CL3ghu/edArpUYiYqQiDUQBIs4np3Q==

ms@^2.1.3:
  version "2.1.3"
  resolved "https://registry.npmmirror.com/ms/-/ms-2.1.3.tgz"
  integrity sha512-6FlzubTLZG3J2a/NVCAleEhjzq5oxgHyaCU9yYXvcLsvoVaHJq/s5xXI6/XXP6tz7R9xAOtHnSO/tXtF3WRTlA==

socket.io-client@*, socket.io-client@^4.8.1:
  version "4.8.1"
  resolved "https://registry.npmmirror.com/socket.io-client/-/socket.io-client-4.8.1.tgz"
  integrity sha512-hJVXfu3E28NmzGk8o1sHhN3om52tRvwYeidbj7xKy2eIIse5IoKX3USlS6Tqt3BHAtflLIkCQBkzVrEEfWUyYQ==
  dependencies:
    "@socket.io/component-emitter" "~3.1.0"
    debug "~4.3.2"
    engine.io-client "~6.6.1"
    socket.io-parser "~4.2.4"

socket.io-parser@~4.2.4:
  version "4.2.4"
  resolved "https://registry.npmmirror.com/socket.io-parser/-/socket.io-parser-4.2.4.tgz"
  integrity sha512-/GbIKmo8ioc+NIWIhwdecY0ge+qVBSMdgxGygevmdHj24bsfgtCmcUUcQ5ZzcylGFHsN3k4HB4Cgkl96KVnuew==
  dependencies:
    "@socket.io/component-emitter" "~3.1.0"
    debug "~4.3.1"

undici-types@~7.13.0:
  version "7.13.0"
  resolved "https://registry.npmmirror.com/undici-types/-/undici-types-7.13.0.tgz"
  integrity sha512-Ov2Rr9Sx+fRgagJ5AX0qvItZG/JKKoBRAVITs1zk7IqZGTJUwgUr7qoYBpWwakpWilTZFM98rG/AFRocu10iIQ==

ws@~8.17.1:
  version "8.17.1"
  resolved "https://registry.npmmirror.com/ws/-/ws-8.17.1.tgz"
  integrity sha512-6XQFvXTkbfUOZOKKILFG1PDK2NDQs4azKQl26T0YS5CxqWLgXajbPZ+h4gZekJyRqFU8pvnbAbbs/3TgRPy+GQ==

xmlhttprequest-ssl@~2.1.1:
  version "2.1.2"
  resolved "https://registry.npmmirror.com/xmlhttprequest-ssl/-/xmlhttprequest-ssl-2.1.2.tgz"
  integrity sha512-TEU+nJVUUnA4CYJFLvK5X9AOeH4KvDvhIfm0vV1GaQRtchnG0hgK5p8hw/xjv8cunWYCsiPCSDzObPyhEwq3KQ==
