# THIS IS AN AUTOGENERATED FILE. DO NOT EDIT THIS FILE DIRECTLY.
# yarn lockfile v1


"@socket.io/component-emitter@~3.1.0":
  version "3.1.2"
  resolved "https://registry.npmmirror.com/@socket.io/component-emitter/-/component-emitter-3.1.2.tgz"
  integrity sha512-9BCxFwvbGg/RsZK9tjXd8s4UcwR0MWeFQ1XEKIQVVvAGJyINdrqKMcTRyLoK8Rse1GjzLV9cwjWV1olXRWEXVA==

"@types/node@^24.5.2":
  version "24.6.2"
  resolved "https://registry.npmmirror.com/@types/node/-/node-24.6.2.tgz"
  integrity sha512-d2L25Y4j+W3ZlNAeMKcy7yDsK425ibcAOO2t7aPTz6gNMH0z2GThtwENCDc0d/Pw9wgyRqE5Px1wkV7naz8ang==
  dependencies:
    undici-types "~7.13.0"

"@types/socket.io-client@^3.0.0":
  version "3.0.0"
  resolved "https://registry.npmmirror.com/@types/socket.io-client/-/socket.io-client-3.0.0.tgz"
  integrity sha512-s+IPvFoEIjKA3RdJz/Z2dGR4gLgysKi8owcnrVwNjgvc01Lk68LJDDsG2GRqegFITcxmvCMYM7bhMpwEMlHmDg==
  dependencies:
    socket.io-client "*"

core-js@*:
  version "3.45.1"
  resolved "https://registry.npmmirror.com/core-js/-/core-js-3.45.1.tgz"
  integrity sha512-L4NPsJlCfZsPeXukyzHFlg/i7IIVwHSItR0wg0FLNqYClJ4MQYTYLbC7EkjKYRLZF2iof2MUgN0EGy7MdQFChg==

debug@~4.3.1, debug@~4.3.2:
  version "4.3.7"
  resolved "https://registry.npmmirror.com/debug/-/debug-4.3.7.tgz"
  integrity sha512-Er2nc/H7RrMXZBFCEim6TCmMk02Z8vLC2Rbi1KEBggpo0fS6l0S1nnapwmIi3yW/+GOJap1Krg4w0Hg80oCqgQ==
  dependencies:
    ms "^2.1.3"

engine.io-client@~6.6.1:
  version "6.6.3"
  resolved "https://registry.npmmirror.com/engine.io-client/-/engine.io-client-6.6.3.tgz"
  integrity sha512-T0iLjnyNWahNyv/lcjS2y4oE358tVS/SYQNxYXGAJ9/GLgH4VCvOQ/mhTjqU88mLZCQgiG8RIegFHYCdVC+j5w==
  dependencies:
    "@socket.io/component-emitter" "~3.1.0"
    debug "~4.3.1"
    engine.io-parser "~5.2.1"
    ws "~8.17.1"
    xmlhttprequest-ssl "~2.1.1"

engine.io-parser@~5.2.1:
  version "5.2.3"
  resolved "https://registry.npmmirror.com/engine.io-parser/-/engine.io-parser-5.2.3.tgz"
  integrity sha512-HqD3yTBfnBxIrbnM1DoD6Pcq8NECnh8d4As1Qgh0z5Gg3jRRIqijury0CL3ghu/edArpUYiYqQiDUQBIs4np3Q==

k8w-extend-native@^1.4.6:
  version "1.4.6"
  resolved "https://registry.npmmirror.com/k8w-extend-native/-/k8w-extend-native-1.4.6.tgz"
  integrity sha512-AHTCyFshldMme0s9FKD+QKG+QZdBkHXzl+8kYfNhsSDhcdQ5TYWQwphjecSJjxNdGd78TIbO0fHiOvM+Ei22YA==
  dependencies:
    k8w-linq-array "*"
    k8w-super-date "*"
    k8w-super-object "*"

k8w-linq-array@*:
  version "0.2.8"
  resolved "https://registry.npmmirror.com/k8w-linq-array/-/k8w-linq-array-0.2.8.tgz"
  integrity sha512-4IAkQN8UJdk804tQi++wuwSZvFWk/Wcl1uG5PR/0c0YvB5hUd2f8tJm3OgOMOxjV9UVByNLvnPYGIwrFQPpjlA==

k8w-super-date@*:
  version "0.1.3"
  resolved "https://registry.npmmirror.com/k8w-super-date/-/k8w-super-date-0.1.3.tgz"
  integrity sha512-IBqKOAMAXR/bgzu+rYI30tEMP/Y6Q8HQuqJiTkE2mLJg11yok9guoi8uZTynTahviVBndcfBpOgi1H/zhihv7w==

k8w-super-object@*:
  version "0.3.0"
  resolved "https://registry.npmmirror.com/k8w-super-object/-/k8w-super-object-0.3.0.tgz"
  integrity sha512-u2jfh4goYXKZmSucaLaOTaNbLRatjv0CSRpzE0KU0732+9XtYZFd5vrdw/mzJfK5fPHb/zyikOSHDX5mJrav+g==

ms@^2.1.3:
  version "2.1.3"
  resolved "https://registry.npmmirror.com/ms/-/ms-2.1.3.tgz"
  integrity sha512-6FlzubTLZG3J2a/NVCAleEhjzq5oxgHyaCU9yYXvcLsvoVaHJq/s5xXI6/XXP6tz7R9xAOtHnSO/tXtF3WRTlA==

socket.io-client@*, socket.io-client@^4.8.1:
  version "4.8.1"
  resolved "https://registry.npmmirror.com/socket.io-client/-/socket.io-client-4.8.1.tgz"
  integrity sha512-hJVXfu3E28NmzGk8o1sHhN3om52tRvwYeidbj7xKy2eIIse5IoKX3USlS6Tqt3BHAtflLIkCQBkzVrEEfWUyYQ==
  dependencies:
    "@socket.io/component-emitter" "~3.1.0"
    debug "~4.3.2"
    engine.io-client "~6.6.1"
    socket.io-parser "~4.2.4"

socket.io-parser@~4.2.4:
  version "4.2.4"
  resolved "https://registry.npmmirror.com/socket.io-parser/-/socket.io-parser-4.2.4.tgz"
  integrity sha512-/GbIKmo8ioc+NIWIhwdecY0ge+qVBSMdgxGygevmdHj24bsfgtCmcUUcQ5ZzcylGFHsN3k4HB4Cgkl96KVnuew==
  dependencies:
    "@socket.io/component-emitter" "~3.1.0"
    debug "~4.3.1"

tsbuffer-schema@^2.2.0:
  version "2.2.0"
  resolved "https://registry.npmmirror.com/tsbuffer-schema/-/tsbuffer-schema-2.2.0.tgz"
  integrity sha512-I4+5Xfk7G+D++kXdNnYTeY26WQTaf14C84XQwPKteNmrwxRY3CQCkMqASRiCUqtpOuDn43qmoxuXpT+Vo8Wltg==

tsbuffer-validator@^2.1.3:
  version "2.1.3"
  resolved "https://registry.npmmirror.com/tsbuffer-validator/-/tsbuffer-validator-2.1.3.tgz"
  integrity sha512-7OfwABXxNGbd1UJk9RBi29SFByimSjCOMc6gJ+htwsiJmSTxwn6VZeQqcm8+lpFfUtJJV+Ry8dKSGpI+BuXaDQ==
  dependencies:
    k8w-extend-native "^1.4.6"
    tsbuffer-schema "^2.2.0"
    tslib "*"

tsbuffer@^2.2.11:
  version "2.2.11"
  resolved "https://registry.npmmirror.com/tsbuffer/-/tsbuffer-2.2.11.tgz"
  integrity sha512-gLltV1IZTZ9WSe0NZQw6/tthveOPq6IxpMzYHV2BVK/FV3xDHiNL3v2Kja07oLFcSXSOT5UGVKaPEDXkF7AG2Q==
  dependencies:
    k8w-extend-native "^1.4.6"
    tsbuffer-validator "^2.1.3"
    tslib "*"

tslib@*:
  version "2.8.1"
  resolved "https://registry.npmmirror.com/tslib/-/tslib-2.8.1.tgz"
  integrity sha512-oJFu94HQb+KVduSUQL7wnpmqnfmLsOA/nAh6b6EH0wCEoK0/mPeXU6c3wKDV83MkOuHPRHtSXKKU99IBazS/2w==

tsrpc-base-client@^2.1.16:
  version "2.1.16"
  resolved "https://registry.npmmirror.com/tsrpc-base-client/-/tsrpc-base-client-2.1.16.tgz"
  integrity sha512-tjAU2VzzUTlmXcektCGLasiWGCeIc57KvI0xD3V5u9Cjn0UFlXJ0vkWCLp2ZEQmyqSZcq307V+DJJtxIUJgIAg==
  dependencies:
    k8w-extend-native "^1.4.6"
    tsbuffer "^2.2.11"
    tslib "*"
    tsrpc-proto "^1.4.3"

tsrpc-browser@^3.4.17:
  version "3.4.17"
  resolved "https://registry.npmmirror.com/tsrpc-browser/-/tsrpc-browser-3.4.17.tgz"
  integrity sha512-VsVplLIMtlsyANsb1r0jUUZyfZxbjRyn58YThP48D1/8MoWPXRjXjlL9BowdWMksNDKTx99tdMxCPn1DMNRoKg==
  dependencies:
    core-js "*"
    tsrpc-base-client "^2.1.16"

tsrpc-proto@^1.4.3:
  version "1.4.3"
  resolved "https://registry.npmmirror.com/tsrpc-proto/-/tsrpc-proto-1.4.3.tgz"
  integrity sha512-qtkk5i34m9/K1258EdyXAEikU/ADPELHCCXN/oFJ4XwH+kN3kXnKYmwCDblUuMA73V2+A/EwkgUGyAgPa335Hw==
  dependencies:
    tsbuffer-schema "^2.2.0"
    tslib "*"

undici-types@~7.13.0:
  version "7.13.0"
  resolved "https://registry.npmmirror.com/undici-types/-/undici-types-7.13.0.tgz"
  integrity sha512-Ov2Rr9Sx+fRgagJ5AX0qvItZG/JKKoBRAVITs1zk7IqZGTJUwgUr7qoYBpWwakpWilTZFM98rG/AFRocu10iIQ==

ws@~8.17.1:
  version "8.17.1"
  resolved "https://registry.npmmirror.com/ws/-/ws-8.17.1.tgz"
  integrity sha512-6XQFvXTkbfUOZOKKILFG1PDK2NDQs4azKQl26T0YS5CxqWLgXajbPZ+h4gZekJyRqFU8pvnbAbbs/3TgRPy+GQ==

xmlhttprequest-ssl@~2.1.1:
  version "2.1.2"
  resolved "https://registry.npmmirror.com/xmlhttprequest-ssl/-/xmlhttprequest-ssl-2.1.2.tgz"
  integrity sha512-TEU+nJVUUnA4CYJFLvK5X9AOeH4KvDvhIfm0vV1GaQRtchnG0hgK5p8hw/xjv8cunWYCsiPCSDzObPyhEwq3KQ==
